<Solution>
  <Folder Name="/Solution Items/" />
  <Project Path="Movies.Api.IntegrationTests/Movies.Api.IntegrationTests.csproj" />
  <Project Path="Movies.Api\Movies.Api.csproj" />
  <Project Path="Movies.Application\Movies.Application.csproj" />
  <Project Path="Movies.Contract\Movies.Contract.csproj" />
</Solution>